<?xml version="1.0" encoding="utf-8"?>
<Project ToolsVersion="4.0" xmlns="http://schemas.microsoft.com/developer/msbuild/2003">
  <ItemGroup>
    <Filter Include="Fichiers sources">
      <UniqueIdentifier>{4FC737F1-C7A5-4376-A066-2A32D752A2FF}</UniqueIdentifier>
      <Extensions>cpp;c;cc;cxx;def;odl;idl;hpj;bat;asm;asmx</Extensions>
    </Filter>
    <Filter Include="Fichiers d%27en-tête">
      <UniqueIdentifier>{93995380-89BD-4b04-88EB-625FBE52EBFB}</UniqueIdentifier>
      <Extensions>h;hpp;hxx;hm;inl;inc;xsd</Extensions>
    </Filter>
    <Filter Include="Fichiers de ressources">
      <UniqueIdentifier>{67DA6AB6-F800-4c08-8B7A-83BB121AAD01}</UniqueIdentifier>
      <Extensions>rc;ico;cur;bmp;dlg;rc2;rct;bin;rgs;gif;jpg;jpeg;jpe;resx;tiff;tif;png;wav;mfcribbon-ms</Extensions>
    </Filter>
    <Filter Include="Fichiers d%27en-tête\processes">
      <UniqueIdentifier>{73fe2dbc-1c90-43e3-b8a7-6b35772e83c4}</UniqueIdentifier>
    </Filter>
    <Filter Include="Fichiers d%27en-tête\components">
      <UniqueIdentifier>{b3c9c319-a9da-43be-a757-16e76fb03ba6}</UniqueIdentifier>
    </Filter>
    <Filter Include="Fichiers sources\processes">
      <UniqueIdentifier>{72bec923-1477-4278-9a84-da1fb098ef35}</UniqueIdentifier>
    </Filter>
    <Filter Include="Fichiers d%27en-tête\scenes">
      <UniqueIdentifier>{9e80a8ac-7a6c-41da-a7eb-6ee80fef9a49}</UniqueIdentifier>
    </Filter>
    <Filter Include="Fichiers d%27en-tête\other">
      <UniqueIdentifier>{ea511f63-46e9-4584-9458-de7e271b0e12}</UniqueIdentifier>
    </Filter>
    <Filter Include="Fichiers sources\other">
      <UniqueIdentifier>{0ae20ab6-828a-478b-b6b4-8a08e364f8d2}</UniqueIdentifier>
    </Filter>
  </ItemGroup>
  <ItemGroup>
    <ClCompile Include="main.cpp">
      <Filter>Fichiers sources</Filter>
    </ClCompile>
    <ClCompile Include="P_physic.cpp">
      <Filter>Fichiers sources\processes</Filter>
    </ClCompile>
    <ClCompile Include="P_player.cpp">
      <Filter>Fichiers sources\processes</Filter>
    </ClCompile>
    <ClCompile Include="UAB_events.cpp">
      <Filter>Fichiers sources</Filter>
    </ClCompile>
    <ClCompile Include="P_particuleManager.cpp">
      <Filter>Fichiers sources\processes</Filter>
    </ClCompile>
    <ClCompile Include="P_explosion.cpp">
      <Filter>Fichiers sources\processes</Filter>
    </ClCompile>
    <ClCompile Include="UAB_gameScene.h">
      <Filter>Fichiers d%27en-tête\scenes</Filter>
    </ClCompile>
    <ClCompile Include="P_rendereable2D.cpp">
      <Filter>Fichiers sources\processes</Filter>
    </ClCompile>
    <ClCompile Include="P_animation.cpp">
      <Filter>Fichiers sources\processes</Filter>
    </ClCompile>
    <ClCompile Include="P_colliderManager.cpp">
      <Filter>Fichiers sources\processes</Filter>
    </ClCompile>
    <ClCompile Include="collisions_utils.cpp">
      <Filter>Fichiers sources</Filter>
    </ClCompile>
    <ClCompile Include="P_plusOne.cpp">
      <Filter>Fichiers sources\processes</Filter>
    </ClCompile>
    <ClCompile Include="IParticule.cpp">
      <Filter>Fichiers sources\other</Filter>
    </ClCompile>
    <ClCompile Include="Components.cpp">
      <Filter>Fichiers sources</Filter>
    </ClCompile>
  </ItemGroup>
  <ItemGroup>
    <ClInclude Include="UAB_events.h">
      <Filter>Fichiers d%27en-tête</Filter>
    </ClInclude>
    <ClInclude Include="C_animation.h">
      <Filter>Fichiers d%27en-tête\components</Filter>
    </ClInclude>
    <ClInclude Include="C_player.h">
      <Filter>Fichiers d%27en-tête\components</Filter>
    </ClInclude>
    <ClInclude Include="C_rigidbody.h">
      <Filter>Fichiers d%27en-tête\components</Filter>
    </ClInclude>
    <ClInclude Include="C_sprite.h">
      <Filter>Fichiers d%27en-tête\components</Filter>
    </ClInclude>
    <ClInclude Include="C_transform.h">
      <Filter>Fichiers d%27en-tête\components</Filter>
    </ClInclude>
    <ClInclude Include="P_physic.h">
      <Filter>Fichiers d%27en-tête\processes</Filter>
    </ClInclude>
    <ClInclude Include="P_player.h">
      <Filter>Fichiers d%27en-tête\processes</Filter>
    </ClInclude>
    <ClInclude Include="C_particuleEmitter.h">
      <Filter>Fichiers d%27en-tête\components</Filter>
    </ClInclude>
    <ClInclude Include="C_collider.h">
      <Filter>Fichiers d%27en-tête\components</Filter>
    </ClInclude>
    <ClInclude Include="UAB_defines.h">
      <Filter>Fichiers d%27en-tête</Filter>
    </ClInclude>
    <ClInclude Include="P_particuleManager.h">
      <Filter>Fichiers d%27en-tête\processes</Filter>
    </ClInclude>
    <ClInclude Include="C_explosion.h">
      <Filter>Fichiers d%27en-tête\components</Filter>
    </ClInclude>
    <ClInclude Include="P_explosion.h">
      <Filter>Fichiers d%27en-tête\processes</Filter>
    </ClInclude>
    <ClInclude Include="UAB_scoreScene.h">
      <Filter>Fichiers d%27en-tête\scenes</Filter>
    </ClInclude>
    <ClInclude Include="C_rendereable2D.h">
      <Filter>Fichiers d%27en-tête\components</Filter>
    </ClInclude>
    <ClInclude Include="P_rendereable2D.h">
      <Filter>Fichiers d%27en-tête\processes</Filter>
    </ClInclude>
    <ClInclude Include="P_animation.h">
      <Filter>Fichiers d%27en-tête\processes</Filter>
    </ClInclude>
    <ClInclude Include="P_colliderManager.h">
      <Filter>Fichiers d%27en-tête\processes</Filter>
    </ClInclude>
    <ClInclude Include="collisions_utils.h">
      <Filter>Fichiers d%27en-tête</Filter>
    </ClInclude>
    <ClInclude Include="C_missile.h">
      <Filter>Fichiers d%27en-tête\components</Filter>
    </ClInclude>
    <ClInclude Include="C_plusOne.h">
      <Filter>Fichiers d%27en-tête\components</Filter>
    </ClInclude>
    <ClInclude Include="P_plusOne.h">
      <Filter>Fichiers d%27en-tête\processes</Filter>
    </ClInclude>
    <ClInclude Include="IParticule.h">
      <Filter>Fichiers d%27en-tête\other</Filter>
    </ClInclude>
    <ClInclude Include="UAB_inputs.h">
      <Filter>Fichiers d%27en-tête</Filter>
    </ClInclude>
  </ItemGroup>
</Project>